
Microsoft Visual Studio Solution File, Format Version 12.00
# Visual Studio Version 16
VisualStudioVersion = 16.0.30204.135
MinimumVisualStudioVersion = 10.0.40219.1
Project("{FAE04EC0-301F-11D3-BF4B-00C04F79EFBC}") = "handle_globel_exception", "handle_globel_exception.csproj", "{FC619C5F-3903-4CBB-9E26-A43A2C04DEA2}"
EndProject
Global
	GlobalSection(SolutionConfigurationPlatforms) = preSolution
		Debug|Any CPU = Debug|Any CPU
		Release|Any CPU = Release|Any CPU
	EndGlobalSection
	GlobalSection(ProjectConfigurationPlatforms) = postSolution
		{FC619C5F-3903-4CBB-9E26-A43A2C04DEA2}.Debug|Any CPU.ActiveCfg = Debug|Any CPU
		{FC619C5F-3903-4CBB-9E26-A43A2C04DEA2}.Debug|Any CPU.Build.0 = Debug|Any CPU
		{FC619C5F-3903-4CBB-9E26-A43A2C04DEA2}.Release|Any CPU.ActiveCfg = Release|Any CPU
		{FC619C5F-3903-4CBB-9E26-A43A2C04DEA2}.Release|Any CPU.Build.0 = Release|Any CPU
	EndGlobalSection
	GlobalSection(SolutionProperties) = preSolution
		HideSolutionNode = FALSE
	EndGlobalSection
	GlobalSection(ExtensibilityGlobals) = postSolution
		SolutionGuid = {089D6380-3106-4853-94D1-D2DC83244BC0}
	EndGlobalSection
EndGlobal
